
Microsoft Visual Studio Solution File, Format Version 12.00
# Visual Studio Version 17
VisualStudioVersion = 17.12.35707.178 d17.12
MinimumVisualStudioVersion = 10.0.40219.1
Project("{8BC9CEB8-8B4A-11D0-8D11-00A0C91BC942}") = "CSDK_WyvrnSDK_UnitTests", "CSDK_WyvrnSDK_UnitTests.vcxproj", "{19B63D11-B783-48D0-BDFE-777FF8450E2A}"
EndProject
Global
	GlobalSection(SolutionConfigurationPlatforms) = preSolution
		Debug_Cloud|x64 = Debug_Cloud|x64
		Debug_Cloud|x86 = Debug_Cloud|x86
		Debug_NoSignatureCheck|x64 = Debug_NoSignatureCheck|x64
		Debug_NoSignatureCheck|x86 = Debug_NoSignatureCheck|x86
		Debug|x64 = Debug|x64
		Debug|x86 = Debug|x86
		Release_Cloud|x64 = Release_Cloud|x64
		Release_Cloud|x86 = Release_Cloud|x86
		Release_NoSignatureCheck|x64 = Release_NoSignatureCheck|x64
		Release_NoSignatureCheck|x86 = Release_NoSignatureCheck|x86
		Release|x64 = Release|x64
		Release|x86 = Release|x86
	EndGlobalSection
	GlobalSection(ProjectConfigurationPlatforms) = postSolution
		{19B63D11-B783-48D0-BDFE-777FF8450E2A}.Debug_Cloud|x64.ActiveCfg = Debug_Cloud|x64
		{19B63D11-B783-48D0-BDFE-777FF8450E2A}.Debug_Cloud|x64.Build.0 = Debug_Cloud|x64
		{19B63D11-B783-48D0-BDFE-777FF8450E2A}.Debug_Cloud|x86.ActiveCfg = Debug_Cloud|Win32
		{19B63D11-B783-48D0-BDFE-777FF8450E2A}.Debug_Cloud|x86.Build.0 = Debug_Cloud|Win32
		{19B63D11-B783-48D0-BDFE-777FF8450E2A}.Debug_NoSignatureCheck|x64.ActiveCfg = Debug_NoSignatureCheck|x64
		{19B63D11-B783-48D0-BDFE-777FF8450E2A}.Debug_NoSignatureCheck|x64.Build.0 = Debug_NoSignatureCheck|x64
		{19B63D11-B783-48D0-BDFE-777FF8450E2A}.Debug_NoSignatureCheck|x86.ActiveCfg = Debug_NoSignatureCheck|Win32
		{19B63D11-B783-48D0-BDFE-777FF8450E2A}.Debug_NoSignatureCheck|x86.Build.0 = Debug_NoSignatureCheck|Win32
		{19B63D11-B783-48D0-BDFE-777FF8450E2A}.Debug|x64.ActiveCfg = Debug|x64
		{19B63D11-B783-48D0-BDFE-777FF8450E2A}.Debug|x64.Build.0 = Debug|x64
		{19B63D11-B783-48D0-BDFE-777FF8450E2A}.Debug|x86.ActiveCfg = Debug|Win32
		{19B63D11-B783-48D0-BDFE-777FF8450E2A}.Debug|x86.Build.0 = Debug|Win32
		{19B63D11-B783-48D0-BDFE-777FF8450E2A}.Release_Cloud|x64.ActiveCfg = Release_Cloud|x64
		{19B63D11-B783-48D0-BDFE-777FF8450E2A}.Release_Cloud|x64.Build.0 = Release_Cloud|x64
		{19B63D11-B783-48D0-BDFE-777FF8450E2A}.Release_Cloud|x86.ActiveCfg = Release_Cloud|Win32
		{19B63D11-B783-48D0-BDFE-777FF8450E2A}.Release_Cloud|x86.Build.0 = Release_Cloud|Win32
		{19B63D11-B783-48D0-BDFE-777FF8450E2A}.Release_NoSignatureCheck|x64.ActiveCfg = Release_NoSignatureCheck|x64
		{19B63D11-B783-48D0-BDFE-777FF8450E2A}.Release_NoSignatureCheck|x64.Build.0 = Release_NoSignatureCheck|x64
		{19B63D11-B783-48D0-BDFE-777FF8450E2A}.Release_NoSignatureCheck|x86.ActiveCfg = Release_NoSignatureCheck|Win32
		{19B63D11-B783-48D0-BDFE-777FF8450E2A}.Release_NoSignatureCheck|x86.Build.0 = Release_NoSignatureCheck|Win32
		{19B63D11-B783-48D0-BDFE-777FF8450E2A}.Release|x64.ActiveCfg = Release|x64
		{19B63D11-B783-48D0-BDFE-777FF8450E2A}.Release|x64.Build.0 = Release|x64
		{19B63D11-B783-48D0-BDFE-777FF8450E2A}.Release|x86.ActiveCfg = Release|Win32
		{19B63D11-B783-48D0-BDFE-777FF8450E2A}.Release|x86.Build.0 = Release|Win32
	EndGlobalSection
	GlobalSection(SolutionProperties) = preSolution
		HideSolutionNode = FALSE
	EndGlobalSection
EndGlobal
